
Microsoft Visual Studio Solution File, Format Version 12.00
# Visual Studio Version 17
VisualStudioVersion = 17.6.33723.286
MinimumVisualStudioVersion = 10.0.40219.1
Project("{FAE04EC0-301F-11D3-BF4B-00C04F79EFBC}") = "WindowsService1", "WindowsService1.csproj", "{1365DA01-E542-4A84-93BF-03D74CEF9533}"
EndProject
Global
	GlobalSection(SolutionConfigurationPlatforms) = preSolution
		Debug|Any CPU = Debug|Any CPU
		Release|Any CPU = Release|Any CPU
	EndGlobalSection
	GlobalSection(ProjectConfigurationPlatforms) = postSolution
		{1365DA01-E542-4A84-93BF-03D74CEF9533}.Debug|Any CPU.ActiveCfg = Debug|Any CPU
		{1365DA01-E542-4A84-93BF-03D74CEF9533}.Debug|Any CPU.Build.0 = Debug|Any CPU
		{1365DA01-E542-4A84-93BF-03D74CEF9533}.Release|Any CPU.ActiveCfg = Release|Any CPU
		{1365DA01-E542-4A84-93BF-03D74CEF9533}.Release|Any CPU.Build.0 = Release|Any CPU
	EndGlobalSection
	GlobalSection(SolutionProperties) = preSolution
		HideSolutionNode = FALSE
	EndGlobalSection
	GlobalSection(ExtensibilityGlobals) = postSolution
		SolutionGuid = {9160032D-6E6D-4CCA-B1B3-ABE10F37B031}
	EndGlobalSection
EndGlobal
